
Microsoft Visual Studio Solution File, Format Version 12.00
# Visual Studio Version 17
VisualStudioVersion = 17.9.34714.143
MinimumVisualStudioVersion = 10.0.40219.1
Project("{FAE04EC0-301F-11D3-BF4B-00C04F79EFBC}") = "GorselProgramlamaOyun", "GorselProgramlamaOyun\GorselProgramlamaOyun.csproj", "{A6BA6A9E-4AC7-415B-9571-3C0EE921E1BC}"
EndProject
Global
	GlobalSection(SolutionConfigurationPlatforms) = preSolution
		Debug|Any CPU = Debug|Any CPU
		Release|Any CPU = Release|Any CPU
	EndGlobalSection
	GlobalSection(ProjectConfigurationPlatforms) = postSolution
		{A6BA6A9E-4AC7-415B-9571-3C0EE921E1BC}.Debug|Any CPU.ActiveCfg = Debug|Any CPU
		{A6BA6A9E-4AC7-415B-9571-3C0EE921E1BC}.Debug|Any CPU.Build.0 = Debug|Any CPU
		{A6BA6A9E-4AC7-415B-9571-3C0EE921E1BC}.Release|Any CPU.ActiveCfg = Release|Any CPU
		{A6BA6A9E-4AC7-415B-9571-3C0EE921E1BC}.Release|Any CPU.Build.0 = Release|Any CPU
	EndGlobalSection
	GlobalSection(SolutionProperties) = preSolution
		HideSolutionNode = FALSE
	EndGlobalSection
	GlobalSection(ExtensibilityGlobals) = postSolution
		SolutionGuid = {C0A953F1-6C3F-4DAF-B27A-510955F51774}
	EndGlobalSection
EndGlobal
